
Microsoft Visual Studio Solution File, Format Version 12.00
# Visual Studio 15
VisualStudioVersion = 15.0.28307.779
MinimumVisualStudioVersion = 10.0.40219.1
Project("{FAE04EC0-301F-11D3-BF4B-00C04F79EFBC}") = "ConsoleApp3", "ConsoleApp3\ConsoleApp3.csproj", "{F398637D-5A4A-42BA-A027-56F9840B674E}"
EndProject
Global
	GlobalSection(SolutionConfigurationPlatforms) = preSolution
		Debug|Any CPU = Debug|Any CPU
		Release|Any CPU = Release|Any CPU
	EndGlobalSection
	GlobalSection(ProjectConfigurationPlatforms) = postSolution
		{F398637D-5A4A-42BA-A027-56F9840B674E}.Debug|Any CPU.ActiveCfg = Debug|Any CPU
		{F398637D-5A4A-42BA-A027-56F9840B674E}.Debug|Any CPU.Build.0 = Debug|Any CPU
		{F398637D-5A4A-42BA-A027-56F9840B674E}.Release|Any CPU.ActiveCfg = Release|Any CPU
		{F398637D-5A4A-42BA-A027-56F9840B674E}.Release|Any CPU.Build.0 = Release|Any CPU
	EndGlobalSection
	GlobalSection(SolutionProperties) = preSolution
		HideSolutionNode = FALSE
	EndGlobalSection
	GlobalSection(ExtensibilityGlobals) = postSolution
		SolutionGuid = {9B46937F-4B9A-40EB-B7DF-C649BF32106F}
	EndGlobalSection
EndGlobal
